# THIS IS AN AUTOGENERATED FILE. DO NOT EDIT THIS FILE DIRECTLY.
# yarn lockfile v1


invariant@^2.2.2:
  version "2.2.4"
  resolved "http://r.cnpmjs.org/invariant/download/invariant-2.2.4.tgz#610f3c92c9359ce1db616e538008d23ff35158e6"
  dependencies:
    loose-envify "^1.0.0"

"js-tokens@^3.0.0 || ^4.0.0":
  version "4.0.0"
  resolved "http://r.cnpmjs.org/js-tokens/download/js-tokens-4.0.0.tgz#19203fb59991df98e3a287050d4647cdeaf32499"

loose-envify@^1.0.0:
  version "1.4.0"
  resolved "http://r.cnpmjs.org/loose-envify/download/loose-envify-1.4.0.tgz#71ee51fa7be4caec1a63839f7e682d8132d30caf"
  dependencies:
    js-tokens "^3.0.0 || ^4.0.0"

react-navigation-redux-helpers@^3.0.2:
  version "3.0.2"
  resolved "http://r.cnpmjs.org/react-navigation-redux-helpers/download/react-navigation-redux-helpers-3.0.2.tgz#612e1d5b1378ba0c17b6a2d8ec9a01cc698a3a16"
  dependencies:
    invariant "^2.2.2"
